
Microsoft Visual Studio Solution File, Format Version 12.00
# Visual Studio Version 17
VisualStudioVersion = 17.3.32922.545
MinimumVisualStudioVersion = 10.0.40219.1
Project("{FAE04EC0-301F-11D3-BF4B-00C04F79EFBC}") = "SMPServer", "SMPServer.csproj", "{A24CEDDA-A4AA-4ECA-808F-0C5BCC8C7D27}"
EndProject
Global
	GlobalSection(SolutionConfigurationPlatforms) = preSolution
		Debug|Any CPU = Debug|Any CPU
		Release|Any CPU = Release|Any CPU
	EndGlobalSection
	GlobalSection(ProjectConfigurationPlatforms) = postSolution
		{A24CEDDA-A4AA-4ECA-808F-0C5BCC8C7D27}.Debug|Any CPU.ActiveCfg = Debug|Any CPU
		{A24CEDDA-A4AA-4ECA-808F-0C5BCC8C7D27}.Debug|Any CPU.Build.0 = Debug|Any CPU
		{A24CEDDA-A4AA-4ECA-808F-0C5BCC8C7D27}.Release|Any CPU.ActiveCfg = Release|Any CPU
		{A24CEDDA-A4AA-4ECA-808F-0C5BCC8C7D27}.Release|Any CPU.Build.0 = Release|Any CPU
	EndGlobalSection
	GlobalSection(SolutionProperties) = preSolution
		HideSolutionNode = FALSE
	EndGlobalSection
	GlobalSection(ExtensibilityGlobals) = postSolution
		SolutionGuid = {325E665D-2F31-4592-B51D-B60367EFE640}
	EndGlobalSection
EndGlobal
